
Microsoft Visual Studio Solution File, Format Version 12.00
# Visual Studio Version 16
VisualStudioVersion = 16.0.30413.136
MinimumVisualStudioVersion = 10.0.40219.1
Project("{888888A0-9F3D-457C-B088-3A5042F75D52}") = "MelodicSkies Twitch Bot", "MelodicSkies Twitch Bot\MelodicSkies Twitch Bot.pyproj", "{5CCFE24B-A7C5-427F-B8D4-7D2FF8506486}"
EndProject
Global
	GlobalSection(SolutionConfigurationPlatforms) = preSolution
		Debug|Any CPU = Debug|Any CPU
		Release|Any CPU = Release|Any CPU
	EndGlobalSection
	GlobalSection(ProjectConfigurationPlatforms) = postSolution
		{5CCFE24B-A7C5-427F-B8D4-7D2FF8506486}.Debug|Any CPU.ActiveCfg = Debug|Any CPU
		{5CCFE24B-A7C5-427F-B8D4-7D2FF8506486}.Release|Any CPU.ActiveCfg = Release|Any CPU
	EndGlobalSection
	GlobalSection(SolutionProperties) = preSolution
		HideSolutionNode = FALSE
	EndGlobalSection
	GlobalSection(ExtensibilityGlobals) = postSolution
		SolutionGuid = {C4691D76-42B9-484F-AD5E-EE6F1C668147}
	EndGlobalSection
EndGlobal
